{
    "name": "kotowaza",
    "version": "1.0.1",
    "lockfileVersion": 3,
    "requires": true,
    "packages": {
        "": {
            "name": "kotowaza",
            "version": "1.0.1",
            "license": "MIT",
            "funding": {
                "type": "github",
                "url": "https://github.com/sponsors/sepTN"
            }
        }
    }
}
